Microsoft Visual Studio Solution File, Format Version 12.00
# Visual Studio Version 17
VisualStudioVersion = 17.5.2.0
MinimumVisualStudioVersion = 10.0.40219.1
Project("{FAE04EC0-301F-11D3-BF4B-00C04F79EFBC}") = "Helpi.WebApi", "Helpi.WebApi.csproj", "{266BA274-AFDE-43D6-0E3D-53F8236CE089}"
EndProject
Global
	GlobalSection(SolutionConfigurationPlatforms) = preSolution
		Debug|Any CPU = Debug|Any CPU
		Release|Any CPU = Release|Any CPU
	EndGlobalSection
	GlobalSection(ProjectConfigurationPlatforms) = postSolution
		{266BA274-AFDE-43D6-0E3D-53F8236CE089}.Debug|Any CPU.ActiveCfg = Debug|Any CPU
		{266BA274-AFDE-43D6-0E3D-53F8236CE089}.Debug|Any CPU.Build.0 = Debug|Any CPU
		{266BA274-AFDE-43D6-0E3D-53F8236CE089}.Release|Any CPU.ActiveCfg = Release|Any CPU
		{266BA274-AFDE-43D6-0E3D-53F8236CE089}.Release|Any CPU.Build.0 = Release|Any CPU
	EndGlobalSection
	GlobalSection(SolutionProperties) = preSolution
		HideSolutionNode = FALSE
	EndGlobalSection
	GlobalSection(ExtensibilityGlobals) = postSolution
		SolutionGuid = {173AD78D-813A-43C0-89A7-3F4B6F5788E9}
	EndGlobalSection
EndGlobal
